
Microsoft Visual Studio Solution File, Format Version 12.00
# Visual Studio Version 16
VisualStudioVersion = 16.0.31424.327
MinimumVisualStudioVersion = 10.0.40219.1
Project("{9A19103F-16F7-4668-BE54-9A1E7A4F7556}") = "HoliDayRental", "HomeShare\HoliDayRental.csproj", "{8020D524-9DA0-42F3-906F-C726363F865F}"
EndProject
Project("{00D1A9C2-B5F0-4AF3-8072-F6C62B433612}") = "HoliDayRental.DB", "HoliDayRental.DB\HoliDayRental.DB.sqlproj", "{86D984FC-8413-4724-93FC-BAAF7FCC59C4}"
EndProject
Project("{2150E333-8FDC-42A3-9474-1A3956D46DE8}") = "DAL", "DAL", "{DAD101BD-81E9-4534-8D72-AF56202821F2}"
EndProject
Project("{9A19103F-16F7-4668-BE54-9A1E7A4F7556}") = "Common.HolidayRental", "Common.HolidayRental\Common.HolidayRental.csproj", "{26E148D1-5F10-4D9A-ABF6-E471018C5FCF}"
EndProject
Project("{2150E333-8FDC-42A3-9474-1A3956D46DE8}") = "BLL", "BLL", "{A9D5ABD0-B8AE-4157-8B6D-8580D25A4D99}"
EndProject
Project("{9A19103F-16F7-4668-BE54-9A1E7A4F7556}") = "BLL.HolidayRental", "BLL.HolidayRental\BLL.HolidayRental.csproj", "{E4BFC8BA-5B92-43A7-9134-8B95A0394747}"
EndProject
Project("{FAE04EC0-301F-11D3-BF4B-00C04F79EFBC}") = "DAL.HolidayRental", "DAL.HolidayRental\DAL.HolidayRental.csproj", "{D43192FC-9D01-42BE-BAF0-B14FD5C544F5}"
EndProject
Project("{2150E333-8FDC-42A3-9474-1A3956D46DE8}") = "ASP", "ASP", "{1C9F4BED-766A-4D58-A8D8-DB8D685D1312}"
EndProject
Project("{FAE04EC0-301F-11D3-BF4B-00C04F79EFBC}") = "ASP.HolidayRental", "ASP.HolidayRental\ASP.HolidayRental.csproj", "{EF8FAF25-491D-4D88-AAF6-AAA6F2467F00}"
EndProject
Global
	GlobalSection(SolutionConfigurationPlatforms) = preSolution
		Debug|Any CPU = Debug|Any CPU
		Release|Any CPU = Release|Any CPU
	EndGlobalSection
	GlobalSection(ProjectConfigurationPlatforms) = postSolution
		{8020D524-9DA0-42F3-906F-C726363F865F}.Debug|Any CPU.ActiveCfg = Debug|Any CPU
		{8020D524-9DA0-42F3-906F-C726363F865F}.Debug|Any CPU.Build.0 = Debug|Any CPU
		{8020D524-9DA0-42F3-906F-C726363F865F}.Release|Any CPU.ActiveCfg = Release|Any CPU
		{8020D524-9DA0-42F3-906F-C726363F865F}.Release|Any CPU.Build.0 = Release|Any CPU
		{86D984FC-8413-4724-93FC-BAAF7FCC59C4}.Debug|Any CPU.ActiveCfg = Debug|Any CPU
		{86D984FC-8413-4724-93FC-BAAF7FCC59C4}.Debug|Any CPU.Build.0 = Debug|Any CPU
		{86D984FC-8413-4724-93FC-BAAF7FCC59C4}.Debug|Any CPU.Deploy.0 = Debug|Any CPU
		{86D984FC-8413-4724-93FC-BAAF7FCC59C4}.Release|Any CPU.ActiveCfg = Release|Any CPU
		{86D984FC-8413-4724-93FC-BAAF7FCC59C4}.Release|Any CPU.Build.0 = Release|Any CPU
		{86D984FC-8413-4724-93FC-BAAF7FCC59C4}.Release|Any CPU.Deploy.0 = Release|Any CPU
		{26E148D1-5F10-4D9A-ABF6-E471018C5FCF}.Debug|Any CPU.ActiveCfg = Debug|Any CPU
		{26E148D1-5F10-4D9A-ABF6-E471018C5FCF}.Debug|Any CPU.Build.0 = Debug|Any CPU
		{26E148D1-5F10-4D9A-ABF6-E471018C5FCF}.Release|Any CPU.ActiveCfg = Release|Any CPU
		{26E148D1-5F10-4D9A-ABF6-E471018C5FCF}.Release|Any CPU.Build.0 = Release|Any CPU
		{E4BFC8BA-5B92-43A7-9134-8B95A0394747}.Debug|Any CPU.ActiveCfg = Debug|Any CPU
		{E4BFC8BA-5B92-43A7-9134-8B95A0394747}.Debug|Any CPU.Build.0 = Debug|Any CPU
		{E4BFC8BA-5B92-43A7-9134-8B95A0394747}.Release|Any CPU.ActiveCfg = Release|Any CPU
		{E4BFC8BA-5B92-43A7-9134-8B95A0394747}.Release|Any CPU.Build.0 = Release|Any CPU
		{D43192FC-9D01-42BE-BAF0-B14FD5C544F5}.Debug|Any CPU.ActiveCfg = Debug|Any CPU
		{D43192FC-9D01-42BE-BAF0-B14FD5C544F5}.Debug|Any CPU.Build.0 = Debug|Any CPU
		{D43192FC-9D01-42BE-BAF0-B14FD5C544F5}.Release|Any CPU.ActiveCfg = Release|Any CPU
		{D43192FC-9D01-42BE-BAF0-B14FD5C544F5}.Release|Any CPU.Build.0 = Release|Any CPU
		{EF8FAF25-491D-4D88-AAF6-AAA6F2467F00}.Debug|Any CPU.ActiveCfg = Debug|Any CPU
		{EF8FAF25-491D-4D88-AAF6-AAA6F2467F00}.Debug|Any CPU.Build.0 = Debug|Any CPU
		{EF8FAF25-491D-4D88-AAF6-AAA6F2467F00}.Release|Any CPU.ActiveCfg = Release|Any CPU
		{EF8FAF25-491D-4D88-AAF6-AAA6F2467F00}.Release|Any CPU.Build.0 = Release|Any CPU
	EndGlobalSection
	GlobalSection(SolutionProperties) = preSolution
		HideSolutionNode = FALSE
	EndGlobalSection
	GlobalSection(NestedProjects) = preSolution
		{E4BFC8BA-5B92-43A7-9134-8B95A0394747} = {A9D5ABD0-B8AE-4157-8B6D-8580D25A4D99}
		{D43192FC-9D01-42BE-BAF0-B14FD5C544F5} = {DAD101BD-81E9-4534-8D72-AF56202821F2}
		{EF8FAF25-491D-4D88-AAF6-AAA6F2467F00} = {1C9F4BED-766A-4D58-A8D8-DB8D685D1312}
	EndGlobalSection
	GlobalSection(ExtensibilityGlobals) = postSolution
		SolutionGuid = {27899870-7CEA-4A05-A2CC-D1884DDA0644}
	EndGlobalSection
EndGlobal
